
Microsoft Visual Studio Solution File, Format Version 12.00
# Visual Studio Version 17
VisualStudioVersion = 17.8.34330.188
MinimumVisualStudioVersion = 10.0.40219.1
Project("{FAE04EC0-301F-11D3-BF4B-00C04F79EFBC}") = "CloudSMETS", "CloudSMETS.csproj", "{1EF1CDD1-5FC4-41E0-B5E3-48A3A9E99B19}"
EndProject
Global
	GlobalSection(SolutionConfigurationPlatforms) = preSolution
		Debug|Any CPU = Debug|Any CPU
		Release|Any CPU = Release|Any CPU
	EndGlobalSection
	GlobalSection(ProjectConfigurationPlatforms) = postSolution
		{1EF1CDD1-5FC4-41E0-B5E3-48A3A9E99B19}.Debug|Any CPU.ActiveCfg = Debug|Any CPU
		{1EF1CDD1-5FC4-41E0-B5E3-48A3A9E99B19}.Debug|Any CPU.Build.0 = Debug|Any CPU
		{1EF1CDD1-5FC4-41E0-B5E3-48A3A9E99B19}.Release|Any CPU.ActiveCfg = Release|Any CPU
		{1EF1CDD1-5FC4-41E0-B5E3-48A3A9E99B19}.Release|Any CPU.Build.0 = Release|Any CPU
	EndGlobalSection
	GlobalSection(SolutionProperties) = preSolution
		HideSolutionNode = FALSE
	EndGlobalSection
	GlobalSection(ExtensibilityGlobals) = postSolution
		SolutionGuid = {46633898-41CB-45F9-82D3-197BE8ABB302}
	EndGlobalSection
EndGlobal
