
Microsoft Visual Studio Solution File, Format Version 12.00
# Visual Studio Version 17
VisualStudioVersion = 17.8.34330.188
MinimumVisualStudioVersion = 10.0.40219.1
Project("{9A19103F-16F7-4668-BE54-9A1E7A4F7556}") = "mqttreceiver", "mqttreceiver.csproj", "{2F7D2F72-FF85-4769-A0E1-6D5C3904742F}"
EndProject
Project("{FAE04EC0-301F-11D3-BF4B-00C04F79EFBC}") = "testmqttreceiver", "..\testmqttreceiver\testmqttreceiver.csproj", "{1A4DF103-E398-4E46-91F6-D4756666462D}"
EndProject
Global
	GlobalSection(SolutionConfigurationPlatforms) = preSolution
		Debug|Any CPU = Debug|Any CPU
		Release|Any CPU = Release|Any CPU
	EndGlobalSection
	GlobalSection(ProjectConfigurationPlatforms) = postSolution
		{2F7D2F72-FF85-4769-A0E1-6D5C3904742F}.Debug|Any CPU.ActiveCfg = Debug|Any CPU
		{2F7D2F72-FF85-4769-A0E1-6D5C3904742F}.Debug|Any CPU.Build.0 = Debug|Any CPU
		{2F7D2F72-FF85-4769-A0E1-6D5C3904742F}.Release|Any CPU.ActiveCfg = Release|Any CPU
		{2F7D2F72-FF85-4769-A0E1-6D5C3904742F}.Release|Any CPU.Build.0 = Release|Any CPU
		{1A4DF103-E398-4E46-91F6-D4756666462D}.Debug|Any CPU.ActiveCfg = Debug|Any CPU
		{1A4DF103-E398-4E46-91F6-D4756666462D}.Debug|Any CPU.Build.0 = Debug|Any CPU
		{1A4DF103-E398-4E46-91F6-D4756666462D}.Release|Any CPU.ActiveCfg = Release|Any CPU
		{1A4DF103-E398-4E46-91F6-D4756666462D}.Release|Any CPU.Build.0 = Release|Any CPU
	EndGlobalSection
	GlobalSection(SolutionProperties) = preSolution
		HideSolutionNode = FALSE
	EndGlobalSection
	GlobalSection(ExtensibilityGlobals) = postSolution
		SolutionGuid = {11B61DE0-4195-406F-A055-290D0FFD5E3B}
	EndGlobalSection
EndGlobal
